schema: '2.0'
stages:
  ingest:
    cmd: python scripts/run_pipeline.py ingest
    deps:
    - path: ../ingest-service/src/ingestion/github_ingester.py
      hash: md5
      md5: 1b986388d31f456e161e730f4d763f89
      size: 13646
    - path: scripts/run_pipeline.py
      hash: md5
      md5: c205cfb852d0473bfdb47a5fa146bc3b
      size: 5864
    outs:
    - path: data/raw/metadata.json
      hash: md5
      md5: b75841a5ae23e29f5fa85a90c17a9330
      size: 57207
  chunk:
    cmd: python scripts/run_pipeline.py chunk
    deps:
    - path: ../ingest-service/src/chunking/enhanced_chunker.py
      hash: md5
      md5: 11d119b93067a29914a764aae3843347
      size: 28322
    - path: data/raw/metadata.json
      hash: md5
      md5: b75841a5ae23e29f5fa85a90c17a9330
      size: 57207
    - path: scripts/run_pipeline.py
      hash: md5
      md5: c205cfb852d0473bfdb47a5fa146bc3b
      size: 5864
    outs:
    - path: data/processed/chunks.jsonl
      hash: md5
      md5: 5db037e258cdca2a507dbeacf2cbeaad
      size: 3137565
  embed:
    cmd: python scripts/run_pipeline.py embed
    deps:
    - path: ../ingest-service/src/chunking/embedder.py
      hash: md5
      md5: 332c2f23ac852915fda5bbdd65abd995
      size: 8036
    - path: data/processed/chunks.jsonl
      hash: md5
      md5: 5db037e258cdca2a507dbeacf2cbeaad
      size: 3137565
    - path: scripts/run_pipeline.py
      hash: md5
      md5: c205cfb852d0473bfdb47a5fa146bc3b
      size: 5864
    outs:
    - path: data/processed/chunks_embedded.jsonl
      hash: md5
      md5: 9866d7d43734267f531100d05d56230f
      size: 9735124
  validate:
    cmd: python scripts/run_pipeline.py validate
    deps:
    - path: data/processed/chunks_embedded.jsonl
      hash: md5
      md5: 9866d7d43734267f531100d05d56230f
      size: 9735124
    - path: scripts/run_pipeline.py
      hash: md5
      md5: c205cfb852d0473bfdb47a5fa146bc3b
      size: 5864
    outs:
    - path: data/processed/validation_report.json
      hash: md5
      md5: 02382ee77ecafc11ce52cceea7a42af2
      size: 209
